// !$*UTF8*$!
{
	archiveVersion = 1;
	classes = {
	};
	objectVersion = 46;
	objects = {

/* Begin PBXBuildFile section */
		847582EB195FB15E00698033 /* ncid_network.c in Sources */ = {isa = PBXBuildFile; fileRef = 847582E9195FB15E00698033 /* ncid_network.c */; };
		E11DDDEE121C953600ECE559 /* NSMenu+NCIDExtensions.m in Sources */ = {isa = PBXBuildFile; fileRef = E11DDDED121C953600ECE559 /* NSMenu+NCIDExtensions.m */; };
		E136179F0E3F1CDF0006CFE7 /* SystemConfiguration.framework in Frameworks */ = {isa = PBXBuildFile; fileRef = E136179E0E3F1CDF0006CFE7 /* SystemConfiguration.framework */; };
		E197C6FA0FB802FC00695F58 /* AddressBook.framework in Frameworks */ = {isa = PBXBuildFile; fileRef = E197C6F90FB802FC00695F58 /* AddressBook.framework */; };
		E1C5DBC50E252CA800057276 /* MainMenu.nib in Resources */ = {isa = PBXBuildFile; fileRef = 29B97318FDCFA39411CA2CEA /* MainMenu.nib */; };
		E1C5DBC60E252CA800057276 /* InfoPlist.strings in Resources */ = {isa = PBXBuildFile; fileRef = 089C165CFE840E0CC02AAC07 /* InfoPlist.strings */; };
		E1C5DBC70E252CA800057276 /* NCIDnotify.icns in Resources */ = {isa = PBXBuildFile; fileRef = 17396F2E03E6E1A500A82A15 /* NCIDnotify.icns */; };
		E1C5DBC80E252CA800057276 /* Settings.nib in Resources */ = {isa = PBXBuildFile; fileRef = 17C83422046599B000A82A15 /* Settings.nib */; };
		E1C5DBCA0E252CA800057276 /* main.m in Sources */ = {isa = PBXBuildFile; fileRef = 29B97316FDCFA39411CA2CEA /* main.m */; settings = {ATTRIBUTES = (); }; };
		E1C5DBCB0E252CA800057276 /* NCID.m in Sources */ = {isa = PBXBuildFile; fileRef = 17850EEB03E5F41900A82A15 /* NCID.m */; };
		E1C5DBCE0E252CA800057276 /* Cocoa.framework in Frameworks */ = {isa = PBXBuildFile; fileRef = 1058C7A1FEA54F0111CA2CBB /* Cocoa.framework */; };
		E1C5DBCF0E252CA800057276 /* Carbon.framework in Frameworks */ = {isa = PBXBuildFile; fileRef = 172DC27C046EDE8200A82A15 /* Carbon.framework */; };
		E1EF7D1B0E3EB77A00EF00CE /* NCIDCaller.m in Sources */ = {isa = PBXBuildFile; fileRef = E1EF7D190E3EB77A00EF00CE /* NCIDCaller.m */; };
/* End PBXBuildFile section */

/* Begin PBXFileReference section */
		089C165DFE840E0CC02AAC07 /* English */ = {isa = PBXFileReference; fileEncoding = 4; lastKnownFileType = text.plist.strings; name = English; path = English.lproj/InfoPlist.strings; sourceTree = "<group>"; };
		1058C7A1FEA54F0111CA2CBB /* Cocoa.framework */ = {isa = PBXFileReference; lastKnownFileType = wrapper.framework; name = Cocoa.framework; path = /System/Library/Frameworks/Cocoa.framework; sourceTree = "<absolute>"; };
		172DC27C046EDE8200A82A15 /* Carbon.framework */ = {isa = PBXFileReference; lastKnownFileType = wrapper.framework; name = Carbon.framework; path = /System/Library/Frameworks/Carbon.framework; sourceTree = "<absolute>"; };
		17396F2E03E6E1A500A82A15 /* NCIDnotify.icns */ = {isa = PBXFileReference; lastKnownFileType = image.icns; path = NCIDnotify.icns; sourceTree = "<group>"; };
		17850EEA03E5F41900A82A15 /* NCID.h */ = {isa = PBXFileReference; fileEncoding = 4; lastKnownFileType = sourcecode.c.h; path = NCID.h; sourceTree = "<group>"; tabWidth = 8; usesTabs = 0; };
		17850EEB03E5F41900A82A15 /* NCID.m */ = {isa = PBXFileReference; fileEncoding = 4; lastKnownFileType = sourcecode.c.objc; path = NCID.m; sourceTree = "<group>"; tabWidth = 8; usesTabs = 0; };
		17C83423046599B000A82A15 /* English */ = {isa = PBXFileReference; lastKnownFileType = wrapper.nib; name = English; path = English.lproj/Settings.nib; sourceTree = "<group>"; };
		29B97316FDCFA39411CA2CEA /* main.m */ = {isa = PBXFileReference; fileEncoding = 30; lastKnownFileType = sourcecode.c.objc; path = main.m; sourceTree = "<group>"; };
		29B97319FDCFA39411CA2CEA /* English */ = {isa = PBXFileReference; lastKnownFileType = wrapper.nib; name = English; path = English.lproj/MainMenu.nib; sourceTree = "<group>"; };
		29B97324FDCFA39411CA2CEA /* AppKit.framework */ = {isa = PBXFileReference; lastKnownFileType = wrapper.framework; name = AppKit.framework; path = /System/Library/Frameworks/AppKit.framework; sourceTree = "<absolute>"; };
		29B97325FDCFA39411CA2CEA /* Foundation.framework */ = {isa = PBXFileReference; lastKnownFileType = wrapper.framework; name = Foundation.framework; path = /System/Library/Frameworks/Foundation.framework; sourceTree = "<absolute>"; };
		32CA4F630368D1EE00C91783 /* NCID_Prefix.h */ = {isa = PBXFileReference; fileEncoding = 4; lastKnownFileType = sourcecode.c.h; path = NCID_Prefix.h; sourceTree = "<group>"; };
		847582E9195FB15E00698033 /* ncid_network.c */ = {isa = PBXFileReference; fileEncoding = 4; lastKnownFileType = sourcecode.c.c; path = ncid_network.c; sourceTree = "<group>"; };
		847582EA195FB15E00698033 /* ncid_network.h */ = {isa = PBXFileReference; fileEncoding = 4; lastKnownFileType = sourcecode.c.h; path = ncid_network.h; sourceTree = "<group>"; };
		E11DDDEC121C953600ECE559 /* NSMenu+NCIDExtensions.h */ = {isa = PBXFileReference; fileEncoding = 4; lastKnownFileType = sourcecode.c.h; path = "NSMenu+NCIDExtensions.h"; sourceTree = "<group>"; tabWidth = 8; usesTabs = 0; };
		E11DDDED121C953600ECE559 /* NSMenu+NCIDExtensions.m */ = {isa = PBXFileReference; fileEncoding = 4; lastKnownFileType = sourcecode.c.objc; path = "NSMenu+NCIDExtensions.m"; sourceTree = "<group>"; tabWidth = 8; usesTabs = 0; };
		E136179E0E3F1CDF0006CFE7 /* SystemConfiguration.framework */ = {isa = PBXFileReference; lastKnownFileType = wrapper.framework; name = SystemConfiguration.framework; path = /System/Library/Frameworks/SystemConfiguration.framework; sourceTree = "<absolute>"; };
		E197C6F90FB802FC00695F58 /* AddressBook.framework */ = {isa = PBXFileReference; lastKnownFileType = wrapper.framework; name = AddressBook.framework; path = /System/Library/Frameworks/AddressBook.framework; sourceTree = "<absolute>"; };
		E1C5DBD40E252CA800057276 /* Info.plist */ = {isa = PBXFileReference; lastKnownFileType = text.plist.xml; path = Info.plist; sourceTree = "<group>"; };
		E1C5DBD50E252CA800057276 /* NCIDnotify.app */ = {isa = PBXFileReference; explicitFileType = wrapper.application; includeInIndex = 0; path = NCIDnotify.app; sourceTree = BUILT_PRODUCTS_DIR; };
		E1EF7D180E3EB77A00EF00CE /* NCIDCaller.h */ = {isa = PBXFileReference; fileEncoding = 4; lastKnownFileType = sourcecode.c.h; path = NCIDCaller.h; sourceTree = "<group>"; tabWidth = 8; usesTabs = 0; };
		E1EF7D190E3EB77A00EF00CE /* NCIDCaller.m */ = {isa = PBXFileReference; fileEncoding = 4; lastKnownFileType = sourcecode.c.objc; path = NCIDCaller.m; sourceTree = "<group>"; tabWidth = 8; usesTabs = 0; };
/* End PBXFileReference section */

/* Begin PBXFrameworksBuildPhase section */
		E1C5DBCD0E252CA800057276 /* Frameworks */ = {
			isa = PBXFrameworksBuildPhase;
			buildActionMask = 2147483647;
			files = (
				E1C5DBCE0E252CA800057276 /* Cocoa.framework in Frameworks */,
				E1C5DBCF0E252CA800057276 /* Carbon.framework in Frameworks */,
				E136179F0E3F1CDF0006CFE7 /* SystemConfiguration.framework in Frameworks */,
				E197C6FA0FB802FC00695F58 /* AddressBook.framework in Frameworks */,
			);
			runOnlyForDeploymentPostprocessing = 0;
		};
/* End PBXFrameworksBuildPhase section */

/* Begin PBXGroup section */
		080E96DDFE201D6D7F000001 /* Classes */ = {
			isa = PBXGroup;
			children = (
				17850EEA03E5F41900A82A15 /* NCID.h */,
				17850EEB03E5F41900A82A15 /* NCID.m */,
				E1EF7D180E3EB77A00EF00CE /* NCIDCaller.h */,
				E1EF7D190E3EB77A00EF00CE /* NCIDCaller.m */,
				E11DDDEC121C953600ECE559 /* NSMenu+NCIDExtensions.h */,
				E11DDDED121C953600ECE559 /* NSMenu+NCIDExtensions.m */,
			);
			name = Classes;
			sourceTree = "<group>";
		};
		1058C7A0FEA54F0111CA2CBB /* Linked Frameworks */ = {
			isa = PBXGroup;
			children = (
				E197C6F90FB802FC00695F58 /* AddressBook.framework */,
				1058C7A1FEA54F0111CA2CBB /* Cocoa.framework */,
				172DC27C046EDE8200A82A15 /* Carbon.framework */,
				E136179E0E3F1CDF0006CFE7 /* SystemConfiguration.framework */,
			);
			name = "Linked Frameworks";
			sourceTree = "<group>";
		};
		1058C7A2FEA54F0111CA2CBB /* Other Frameworks */ = {
			isa = PBXGroup;
			children = (
				29B97325FDCFA39411CA2CEA /* Foundation.framework */,
				29B97324FDCFA39411CA2CEA /* AppKit.framework */,
			);
			name = "Other Frameworks";
			sourceTree = "<group>";
		};
		19C28FACFE9D520D11CA2CBB /* Products */ = {
			isa = PBXGroup;
			children = (
				E1C5DBD50E252CA800057276 /* NCIDnotify.app */,
			);
			name = Products;
			sourceTree = "<group>";
		};
		29B97314FDCFA39411CA2CEA /* NCID */ = {
			isa = PBXGroup;
			children = (
				080E96DDFE201D6D7F000001 /* Classes */,
				29B97315FDCFA39411CA2CEA /* Other Sources */,
				29B97317FDCFA39411CA2CEA /* Resources */,
				29B97323FDCFA39411CA2CEA /* Frameworks */,
				19C28FACFE9D520D11CA2CBB /* Products */,
				E1C5DBD40E252CA800057276 /* Info.plist */,
			);
			name = NCID;
			sourceTree = "<group>";
		};
		29B97315FDCFA39411CA2CEA /* Other Sources */ = {
			isa = PBXGroup;
			children = (
				847582E9195FB15E00698033 /* ncid_network.c */,
				847582EA195FB15E00698033 /* ncid_network.h */,
				32CA4F630368D1EE00C91783 /* NCID_Prefix.h */,
				29B97316FDCFA39411CA2CEA /* main.m */,
			);
			name = "Other Sources";
			sourceTree = "<group>";
		};
		29B97317FDCFA39411CA2CEA /* Resources */ = {
			isa = PBXGroup;
			children = (
				29B97318FDCFA39411CA2CEA /* MainMenu.nib */,
				17C83422046599B000A82A15 /* Settings.nib */,
				089C165CFE840E0CC02AAC07 /* InfoPlist.strings */,
				17396F2E03E6E1A500A82A15 /* NCIDnotify.icns */,
			);
			name = Resources;
			sourceTree = "<group>";
		};
		29B97323FDCFA39411CA2CEA /* Frameworks */ = {
			isa = PBXGroup;
			children = (
				1058C7A0FEA54F0111CA2CBB /* Linked Frameworks */,
				1058C7A2FEA54F0111CA2CBB /* Other Frameworks */,
			);
			name = Frameworks;
			sourceTree = "<group>";
		};
/* End PBXGroup section */

/* Begin PBXNativeTarget section */
		E1C5DBBF0E252CA800057276 /* NCIDnotify */ = {
			isa = PBXNativeTarget;
			buildConfigurationList = E1C5DBD00E252CA800057276 /* Build configuration list for PBXNativeTarget "NCIDnotify" */;
			buildPhases = (
				E1C5DBC90E252CA800057276 /* Sources */,
				E1C5DBC40E252CA800057276 /* Resources */,
				E1C5DBCD0E252CA800057276 /* Frameworks */,
			);
			buildRules = (
			);
			dependencies = (
			);
			name = NCIDnotify;
			productInstallPath = "$(HOME)/Applications";
			productName = NCID;
			productReference = E1C5DBD50E252CA800057276 /* NCIDnotify.app */;
			productType = "com.apple.product-type.application";
		};
/* End PBXNativeTarget section */

/* Begin PBXProject section */
		29B97313FDCFA39411CA2CEA /* Project object */ = {
			isa = PBXProject;
			attributes = {
				BuildIndependentTargetsInParallel = NO;
				LastUpgradeCheck = 0630;
			};
			buildConfigurationList = E101B9340E252C5B0089EDA6 /* Build configuration list for PBXProject "ncid" */;
			compatibilityVersion = "Xcode 3.2";
			developmentRegion = English;
			hasScannedForEncodings = 1;
			knownRegions = (
				en,
			);
			mainGroup = 29B97314FDCFA39411CA2CEA /* NCID */;
			projectDirPath = "";
			projectRoot = ..;
			targets = (
				E1C5DBBF0E252CA800057276 /* NCIDnotify */,
			);
		};
/* End PBXProject section */

/* Begin PBXResourcesBuildPhase section */
		E1C5DBC40E252CA800057276 /* Resources */ = {
			isa = PBXResourcesBuildPhase;
			buildActionMask = 2147483647;
			files = (
				E1C5DBC50E252CA800057276 /* MainMenu.nib in Resources */,
				E1C5DBC60E252CA800057276 /* InfoPlist.strings in Resources */,
				E1C5DBC70E252CA800057276 /* NCIDnotify.icns in Resources */,
				E1C5DBC80E252CA800057276 /* Settings.nib in Resources */,
			);
			runOnlyForDeploymentPostprocessing = 0;
		};
/* End PBXResourcesBuildPhase section */

/* Begin PBXSourcesBuildPhase section */
		E1C5DBC90E252CA800057276 /* Sources */ = {
			isa = PBXSourcesBuildPhase;
			buildActionMask = 2147483647;
			files = (
				E1C5DBCA0E252CA800057276 /* main.m in Sources */,
				E1C5DBCB0E252CA800057276 /* NCID.m in Sources */,
				847582EB195FB15E00698033 /* ncid_network.c in Sources */,
				E1EF7D1B0E3EB77A00EF00CE /* NCIDCaller.m in Sources */,
				E11DDDEE121C953600ECE559 /* NSMenu+NCIDExtensions.m in Sources */,
			);
			runOnlyForDeploymentPostprocessing = 0;
		};
/* End PBXSourcesBuildPhase section */

/* Begin PBXVariantGroup section */
		089C165CFE840E0CC02AAC07 /* InfoPlist.strings */ = {
			isa = PBXVariantGroup;
			children = (
				089C165DFE840E0CC02AAC07 /* English */,
			);
			name = InfoPlist.strings;
			sourceTree = "<group>";
		};
		17C83422046599B000A82A15 /* Settings.nib */ = {
			isa = PBXVariantGroup;
			children = (
				17C83423046599B000A82A15 /* English */,
			);
			name = Settings.nib;
			sourceTree = "<group>";
		};
		29B97318FDCFA39411CA2CEA /* MainMenu.nib */ = {
			isa = PBXVariantGroup;
			children = (
				29B97319FDCFA39411CA2CEA /* English */,
			);
			name = MainMenu.nib;
			sourceTree = "<group>";
		};
/* End PBXVariantGroup section */

/* Begin XCBuildConfiguration section */
		E101B9350E252C5B0089EDA6 /* Development */ = {
			isa = XCBuildConfiguration;
			buildSettings = {
				COPY_HEADERS_RUN_UNIFDEF = YES;
				DEBUG_INFORMATION_FORMAT = dwarf;
				GCC_C_LANGUAGE_STANDARD = c99;
				GCC_OPTIMIZATION_LEVEL = 0;
				GCC_VERSION = "";
				MACOSX_DEPLOYMENT_TARGET = 10.8;
				ONLY_ACTIVE_ARCH = YES;
				SDKROOT = "$(DEVELOPER_SDK_DIR)/MacOSX10.4u.sdk";
			};
			name = Development;
		};
		E101B9360E252C5B0089EDA6 /* Deployment */ = {
			isa = XCBuildConfiguration;
			buildSettings = {
				COPY_HEADERS_RUN_UNIFDEF = YES;
				GCC_C_LANGUAGE_STANDARD = c99;
				GCC_VERSION = "";
				MACOSX_DEPLOYMENT_TARGET = 10.8;
				ONLY_ACTIVE_ARCH = YES;
				SDKROOT = "$(DEVELOPER_SDK_DIR)/MacOSX10.4u.sdk";
			};
			name = Deployment;
		};
		E1C5DBD10E252CA800057276 /* Development */ = {
			isa = XCBuildConfiguration;
			buildSettings = {
				COMBINE_HIDPI_IMAGES = YES;
				COPY_PHASE_STRIP = NO;
				GCC_GENERATE_DEBUGGING_SYMBOLS = YES;
				GCC_PRECOMPILE_PREFIX_HEADER = YES;
				GCC_PREFIX_HEADER = NCID_Prefix.h;
				GCC_VERSION = "";
				INFOPLIST_FILE = Info.plist;
				MACOSX_DEPLOYMENT_TARGET = 10.8;
				ONLY_ACTIVE_ARCH = YES;
				PRODUCT_NAME = NCIDnotify;
				SDKROOT = macosx;
				SKIP_INSTALL = NO;
			};
			name = Development;
		};
		E1C5DBD20E252CA800057276 /* Deployment */ = {
			isa = XCBuildConfiguration;
			buildSettings = {
				COMBINE_HIDPI_IMAGES = YES;
				COPY_PHASE_STRIP = YES;
				GCC_PRECOMPILE_PREFIX_HEADER = YES;
				GCC_PREFIX_HEADER = NCID_Prefix.h;
				GCC_VERSION = "";
				INFOPLIST_FILE = Info.plist;
				MACOSX_DEPLOYMENT_TARGET = 10.8;
				ONLY_ACTIVE_ARCH = YES;
				PRODUCT_NAME = NCIDnotify;
				SDKROOT = macosx;
				SKIP_INSTALL = NO;
			};
			name = Deployment;
		};
/* End XCBuildConfiguration section */

/* Begin XCConfigurationList section */
		E101B9340E252C5B0089EDA6 /* Build configuration list for PBXProject "ncid" */ = {
			isa = XCConfigurationList;
			buildConfigurations = (
				E101B9350E252C5B0089EDA6 /* Development */,
				E101B9360E252C5B0089EDA6 /* Deployment */,
			);
			defaultConfigurationIsVisible = 0;
			defaultConfigurationName = Deployment;
		};
		E1C5DBD00E252CA800057276 /* Build configuration list for PBXNativeTarget "NCIDnotify" */ = {
			isa = XCConfigurationList;
			buildConfigurations = (
				E1C5DBD10E252CA800057276 /* Development */,
				E1C5DBD20E252CA800057276 /* Deployment */,
			);
			defaultConfigurationIsVisible = 0;
			defaultConfigurationName = Deployment;
		};
/* End XCConfigurationList section */
	};
	rootObject = 29B97313FDCFA39411CA2CEA /* Project object */;
}
